
Microsoft Visual Studio Solution File, Format Version 12.00
# Visual Studio Version 17
VisualStudioVersion = 17.4.33403.182
MinimumVisualStudioVersion = 10.0.40219.1
Project("{FAE04EC0-301F-11D3-BF4B-00C04F79EFBC}") = "Tydzien2Lekcja8", "Tydzien2Lekcja8.csproj", "{1AF0DE2D-20AC-4DB3-9621-E9EA6F117EE2}"
EndProject
Global
	GlobalSection(SolutionConfigurationPlatforms) = preSolution
		Debug|Any CPU = Debug|Any CPU
		Release|Any CPU = Release|Any CPU
	EndGlobalSection
	GlobalSection(ProjectConfigurationPlatforms) = postSolution
		{1AF0DE2D-20AC-4DB3-9621-E9EA6F117EE2}.Debug|Any CPU.ActiveCfg = Debug|Any CPU
		{1AF0DE2D-20AC-4DB3-9621-E9EA6F117EE2}.Debug|Any CPU.Build.0 = Debug|Any CPU
		{1AF0DE2D-20AC-4DB3-9621-E9EA6F117EE2}.Release|Any CPU.ActiveCfg = Release|Any CPU
		{1AF0DE2D-20AC-4DB3-9621-E9EA6F117EE2}.Release|Any CPU.Build.0 = Release|Any CPU
	EndGlobalSection
	GlobalSection(SolutionProperties) = preSolution
		HideSolutionNode = FALSE
	EndGlobalSection
	GlobalSection(ExtensibilityGlobals) = postSolution
		SolutionGuid = {4B79653C-D9F0-4056-A4F1-696C83D506A6}
	EndGlobalSection
EndGlobal
